
Microsoft Visual Studio Solution File, Format Version 12.00
# Visual Studio Version 16
VisualStudioVersion = 16.0.29709.97
MinimumVisualStudioVersion = 10.0.40219.1
Project("{9A19103F-16F7-4668-BE54-9A1E7A4F7556}") = "Core", "Core\Core.csproj", "{1FDADD6E-D722-4C4D-9E2B-9619990DCBE1}"
EndProject
Project("{9A19103F-16F7-4668-BE54-9A1E7A4F7556}") = "Data.FileSystem", "Data.FileSystem\Data.FileSystem.csproj", "{BDB9FDE2-399E-46C2-BA31-5B93040304D2}"
EndProject
Project("{FAE04EC0-301F-11D3-BF4B-00C04F79EFBC}") = "Web", "Web\Web.csproj", "{E0FC76A6-ECC1-4955-A595-EAD55E54E16F}"
EndProject
Global
	GlobalSection(SolutionConfigurationPlatforms) = preSolution
		Debug|Any CPU = Debug|Any CPU
		Release|Any CPU = Release|Any CPU
	EndGlobalSection
	GlobalSection(ProjectConfigurationPlatforms) = postSolution
		{1FDADD6E-D722-4C4D-9E2B-9619990DCBE1}.Debug|Any CPU.ActiveCfg = Debug|Any CPU
		{1FDADD6E-D722-4C4D-9E2B-9619990DCBE1}.Debug|Any CPU.Build.0 = Debug|Any CPU
		{1FDADD6E-D722-4C4D-9E2B-9619990DCBE1}.Release|Any CPU.ActiveCfg = Release|Any CPU
		{1FDADD6E-D722-4C4D-9E2B-9619990DCBE1}.Release|Any CPU.Build.0 = Release|Any CPU
		{BDB9FDE2-399E-46C2-BA31-5B93040304D2}.Debug|Any CPU.ActiveCfg = Debug|Any CPU
		{BDB9FDE2-399E-46C2-BA31-5B93040304D2}.Debug|Any CPU.Build.0 = Debug|Any CPU
		{BDB9FDE2-399E-46C2-BA31-5B93040304D2}.Release|Any CPU.ActiveCfg = Release|Any CPU
		{BDB9FDE2-399E-46C2-BA31-5B93040304D2}.Release|Any CPU.Build.0 = Release|Any CPU
		{E0FC76A6-ECC1-4955-A595-EAD55E54E16F}.Debug|Any CPU.ActiveCfg = Debug|Any CPU
		{E0FC76A6-ECC1-4955-A595-EAD55E54E16F}.Debug|Any CPU.Build.0 = Debug|Any CPU
		{E0FC76A6-ECC1-4955-A595-EAD55E54E16F}.Release|Any CPU.ActiveCfg = Release|Any CPU
		{E0FC76A6-ECC1-4955-A595-EAD55E54E16F}.Release|Any CPU.Build.0 = Release|Any CPU
	EndGlobalSection
	GlobalSection(SolutionProperties) = preSolution
		HideSolutionNode = FALSE
	EndGlobalSection
	GlobalSection(ExtensibilityGlobals) = postSolution
		SolutionGuid = {A9559907-B50F-438A-A98B-92317970FF01}
	EndGlobalSection
EndGlobal
